
Microsoft Visual Studio Solution File, Format Version 12.00
# Visual Studio Version 16
VisualStudioVersion = 16.0.31402.337
MinimumVisualStudioVersion = 10.0.40219.1
Project("{9A19103F-16F7-4668-BE54-9A1E7A4F7556}") = "ReleaseToWaterTestFramework", "ReleaseToWaterTestFramework\ReleaseToWaterTestFramework.csproj", "{0477E0DA-8DEC-4915-8343-E90A3575CAC7}"
EndProject
Project("{9A19103F-16F7-4668-BE54-9A1E7A4F7556}") = "SpecFramework", "SpecFramework\SpecFramework.csproj", "{8CDBA6AD-21CD-4E13-A797-E4413DCEF813}"
EndProject
Project("{9A19103F-16F7-4668-BE54-9A1E7A4F7556}") = "ApplicationSpecs", "ApplicationSpecs\ApplicationSpecs.csproj", "{B8B92AF3-5C3B-4036-95EF-F4224753D17A}"
EndProject
Project("{2150E333-8FDC-42A3-9474-1A3956D46DE8}") = "Solution Items", "Solution Items", "{D4BED2B4-E7C9-4A9F-A166-6AB94D88DEEF}"
	ProjectSection(SolutionItems) = preProject
		ReadMeForFrameworkImprovementsDoc.txt = ReadMeForFrameworkImprovementsDoc.txt
	EndProjectSection
EndProject
Global
	GlobalSection(SolutionConfigurationPlatforms) = preSolution
		Debug|Any CPU = Debug|Any CPU
		Release|Any CPU = Release|Any CPU
	EndGlobalSection
	GlobalSection(ProjectConfigurationPlatforms) = postSolution
		{0477E0DA-8DEC-4915-8343-E90A3575CAC7}.Debug|Any CPU.ActiveCfg = Debug|Any CPU
		{0477E0DA-8DEC-4915-8343-E90A3575CAC7}.Debug|Any CPU.Build.0 = Debug|Any CPU
		{0477E0DA-8DEC-4915-8343-E90A3575CAC7}.Release|Any CPU.ActiveCfg = Release|Any CPU
		{0477E0DA-8DEC-4915-8343-E90A3575CAC7}.Release|Any CPU.Build.0 = Release|Any CPU
		{8CDBA6AD-21CD-4E13-A797-E4413DCEF813}.Debug|Any CPU.ActiveCfg = Debug|Any CPU
		{8CDBA6AD-21CD-4E13-A797-E4413DCEF813}.Debug|Any CPU.Build.0 = Debug|Any CPU
		{8CDBA6AD-21CD-4E13-A797-E4413DCEF813}.Release|Any CPU.ActiveCfg = Release|Any CPU
		{8CDBA6AD-21CD-4E13-A797-E4413DCEF813}.Release|Any CPU.Build.0 = Release|Any CPU
		{B8B92AF3-5C3B-4036-95EF-F4224753D17A}.Debug|Any CPU.ActiveCfg = Debug|Any CPU
		{B8B92AF3-5C3B-4036-95EF-F4224753D17A}.Debug|Any CPU.Build.0 = Debug|Any CPU
		{B8B92AF3-5C3B-4036-95EF-F4224753D17A}.Release|Any CPU.ActiveCfg = Release|Any CPU
		{B8B92AF3-5C3B-4036-95EF-F4224753D17A}.Release|Any CPU.Build.0 = Release|Any CPU
	EndGlobalSection
	GlobalSection(SolutionProperties) = preSolution
		HideSolutionNode = FALSE
	EndGlobalSection
	GlobalSection(ExtensibilityGlobals) = postSolution
		SolutionGuid = {38922454-2534-40CA-AE4B-79F00FA901C8}
	EndGlobalSection
EndGlobal
